// !$*UTF8*$!
{
	archiveVersion = 1;
	classes = {
	};
	objectVersion = 50;
	objects = {

/* Begin PBXBuildFile section */
		190145D223CA3D1100CB97F5 /* Colors.xcassets in Resources */ = {isa = PBXBuildFile; fileRef = 190145D123CA3D1100CB97F5 /* Colors.xcassets */; };
		190145E623CACAC400CB97F5 /* Comfortaa-Regular.ttf in Resources */ = {isa = PBXBuildFile; fileRef = 190145E123CACAC400CB97F5 /* Comfortaa-Regular.ttf */; };
		190145E723CACAC400CB97F5 /* Comfortaa-Medium.ttf in Resources */ = {isa = PBXBuildFile; fileRef = 190145E223CACAC400CB97F5 /* Comfortaa-Medium.ttf */; };
		190145E823CACAC400CB97F5 /* Comfortaa-Bold.ttf in Resources */ = {isa = PBXBuildFile; fileRef = 190145E323CACAC400CB97F5 /* Comfortaa-Bold.ttf */; };
		190145E923CACAC400CB97F5 /* Comfortaa-Light.ttf in Resources */ = {isa = PBXBuildFile; fileRef = 190145E423CACAC400CB97F5 /* Comfortaa-Light.ttf */; };
		190145EA23CACAC400CB97F5 /* Comfortaa-SemiBold.ttf in Resources */ = {isa = PBXBuildFile; fileRef = 190145E523CACAC400CB97F5 /* Comfortaa-SemiBold.ttf */; };
		190145ED23CAD4F700CB97F5 /* CustomButton.swift in Sources */ = {isa = PBXBuildFile; fileRef = 190145EC23CAD4F700CB97F5 /* CustomButton.swift */; };
		1935977F23C80D40003A8CD8 /* AppDelegate.swift in Sources */ = {isa = PBXBuildFile; fileRef = 1935977E23C80D40003A8CD8 /* AppDelegate.swift */; };
		1935978123C80D40003A8CD8 /* SceneDelegate.swift in Sources */ = {isa = PBXBuildFile; fileRef = 1935978023C80D40003A8CD8 /* SceneDelegate.swift */; };
		1935978323C80D40003A8CD8 /* ViewController.swift in Sources */ = {isa = PBXBuildFile; fileRef = 1935978223C80D40003A8CD8 /* ViewController.swift */; };
		1935978823C80D43003A8CD8 /* Assets.xcassets in Resources */ = {isa = PBXBuildFile; fileRef = 1935978723C80D43003A8CD8 /* Assets.xcassets */; };
		1935978B23C80D43003A8CD8 /* LaunchScreen.storyboard in Resources */ = {isa = PBXBuildFile; fileRef = 1935978923C80D43003A8CD8 /* LaunchScreen.storyboard */; };
		19BC2AA223CBBACD00B19375 /* Main.storyboard in Resources */ = {isa = PBXBuildFile; fileRef = 19BC2AA123CBBACD00B19375 /* Main.storyboard */; };
		19BC2AA823CC01A300B19375 /* AVFoundation.framework in Frameworks */ = {isa = PBXBuildFile; fileRef = 19BC2AA723CC01A300B19375 /* AVFoundation.framework */; };
		19BC2AAA23CC037C00B19375 /* tap.mp3 in Resources */ = {isa = PBXBuildFile; fileRef = 19BC2AA923CC037C00B19375 /* tap.mp3 */; };
/* End PBXBuildFile section */

/* Begin PBXFileReference section */
		190145D123CA3D1100CB97F5 /* Colors.xcassets */ = {isa = PBXFileReference; lastKnownFileType = folder.assetcatalog; path = Colors.xcassets; sourceTree = "<group>"; };
		190145E123CACAC400CB97F5 /* Comfortaa-Regular.ttf */ = {isa = PBXFileReference; lastKnownFileType = file; path = "Comfortaa-Regular.ttf"; sourceTree = "<group>"; };
		190145E223CACAC400CB97F5 /* Comfortaa-Medium.ttf */ = {isa = PBXFileReference; lastKnownFileType = file; path = "Comfortaa-Medium.ttf"; sourceTree = "<group>"; };
		190145E323CACAC400CB97F5 /* Comfortaa-Bold.ttf */ = {isa = PBXFileReference; lastKnownFileType = file; path = "Comfortaa-Bold.ttf"; sourceTree = "<group>"; };
		190145E423CACAC400CB97F5 /* Comfortaa-Light.ttf */ = {isa = PBXFileReference; lastKnownFileType = file; path = "Comfortaa-Light.ttf"; sourceTree = "<group>"; };
		190145E523CACAC400CB97F5 /* Comfortaa-SemiBold.ttf */ = {isa = PBXFileReference; lastKnownFileType = file; path = "Comfortaa-SemiBold.ttf"; sourceTree = "<group>"; };
		190145EC23CAD4F700CB97F5 /* CustomButton.swift */ = {isa = PBXFileReference; lastKnownFileType = sourcecode.swift; path = CustomButton.swift; sourceTree = "<group>"; };
		1935977B23C80D40003A8CD8 /* trivia-app.app */ = {isa = PBXFileReference; explicitFileType = wrapper.application; includeInIndex = 0; path = "trivia-app.app"; sourceTree = BUILT_PRODUCTS_DIR; };
		1935977E23C80D40003A8CD8 /* AppDelegate.swift */ = {isa = PBXFileReference; lastKnownFileType = sourcecode.swift; path = AppDelegate.swift; sourceTree = "<group>"; };
		1935978023C80D40003A8CD8 /* SceneDelegate.swift */ = {isa = PBXFileReference; lastKnownFileType = sourcecode.swift; path = SceneDelegate.swift; sourceTree = "<group>"; };
		1935978223C80D40003A8CD8 /* ViewController.swift */ = {isa = PBXFileReference; lastKnownFileType = sourcecode.swift; path = ViewController.swift; sourceTree = "<group>"; };
		1935978723C80D43003A8CD8 /* Assets.xcassets */ = {isa = PBXFileReference; lastKnownFileType = folder.assetcatalog; path = Assets.xcassets; sourceTree = "<group>"; };
		1935978A23C80D43003A8CD8 /* Base */ = {isa = PBXFileReference; lastKnownFileType = file.storyboard; name = Base; path = Base.lproj/LaunchScreen.storyboard; sourceTree = "<group>"; };
		1935978C23C80D43003A8CD8 /* Info.plist */ = {isa = PBXFileReference; lastKnownFileType = text.plist.xml; path = Info.plist; sourceTree = "<group>"; };
		19BC2AA123CBBACD00B19375 /* Main.storyboard */ = {isa = PBXFileReference; fileEncoding = 4; lastKnownFileType = file.storyboard; path = Main.storyboard; sourceTree = "<group>"; };
		19BC2AA723CC01A300B19375 /* AVFoundation.framework */ = {isa = PBXFileReference; lastKnownFileType = wrapper.framework; name = AVFoundation.framework; path = System/Library/Frameworks/AVFoundation.framework; sourceTree = SDKROOT; };
		19BC2AA923CC037C00B19375 /* tap.mp3 */ = {isa = PBXFileReference; lastKnownFileType = audio.mp3; name = tap.mp3; path = ../../../../../../../Desktop/tap.mp3; sourceTree = "<group>"; };
/* End PBXFileReference section */

/* Begin PBXFrameworksBuildPhase section */
		1935977823C80D40003A8CD8 /* Frameworks */ = {
			isa = PBXFrameworksBuildPhase;
			buildActionMask = 2147483647;
			files = (
				19BC2AA823CC01A300B19375 /* AVFoundation.framework in Frameworks */,
			);
			runOnlyForDeploymentPostprocessing = 0;
		};
/* End PBXFrameworksBuildPhase section */

/* Begin PBXGroup section */
		190145CE23CA3AD500CB97F5 /* Resources */ = {
			isa = PBXGroup;
			children = (
				19BC2AA323CC011000B19375 /* Sounds */,
				190145E023CACA6200CB97F5 /* Fonts */,
				190145D023CA3AEE00CB97F5 /* Colors */,
				190145CF23CA3AE600CB97F5 /* Images */,
			);
			path = Resources;
			sourceTree = "<group>";
		};
		190145CF23CA3AE600CB97F5 /* Images */ = {
			isa = PBXGroup;
			children = (
				1935978723C80D43003A8CD8 /* Assets.xcassets */,
			);
			path = Images;
			sourceTree = "<group>";
		};
		190145D023CA3AEE00CB97F5 /* Colors */ = {
			isa = PBXGroup;
			children = (
				190145D123CA3D1100CB97F5 /* Colors.xcassets */,
			);
			path = Colors;
			sourceTree = "<group>";
		};
		190145E023CACA6200CB97F5 /* Fonts */ = {
			isa = PBXGroup;
			children = (
				190145E323CACAC400CB97F5 /* Comfortaa-Bold.ttf */,
				190145E423CACAC400CB97F5 /* Comfortaa-Light.ttf */,
				190145E223CACAC400CB97F5 /* Comfortaa-Medium.ttf */,
				190145E123CACAC400CB97F5 /* Comfortaa-Regular.ttf */,
				190145E523CACAC400CB97F5 /* Comfortaa-SemiBold.ttf */,
			);
			path = Fonts;
			sourceTree = "<group>";
		};
		190145EB23CACDA000CB97F5 /* Application */ = {
			isa = PBXGroup;
			children = (
			);
			path = Application;
			sourceTree = "<group>";
		};
		1935977223C80D40003A8CD8 = {
			isa = PBXGroup;
			children = (
				1935977D23C80D40003A8CD8 /* trivia-app */,
				1935977C23C80D40003A8CD8 /* Products */,
				19BC2AA623CC01A300B19375 /* Frameworks */,
			);
			sourceTree = "<group>";
		};
		1935977C23C80D40003A8CD8 /* Products */ = {
			isa = PBXGroup;
			children = (
				1935977B23C80D40003A8CD8 /* trivia-app.app */,
			);
			name = Products;
			sourceTree = "<group>";
		};
		1935977D23C80D40003A8CD8 /* trivia-app */ = {
			isa = PBXGroup;
			children = (
				190145EB23CACDA000CB97F5 /* Application */,
				190145CE23CA3AD500CB97F5 /* Resources */,
				1935977E23C80D40003A8CD8 /* AppDelegate.swift */,
				1935978023C80D40003A8CD8 /* SceneDelegate.swift */,
				19BC2AA123CBBACD00B19375 /* Main.storyboard */,
				1935978223C80D40003A8CD8 /* ViewController.swift */,
				1935978923C80D43003A8CD8 /* LaunchScreen.storyboard */,
				1935978C23C80D43003A8CD8 /* Info.plist */,
				190145EC23CAD4F700CB97F5 /* CustomButton.swift */,
			);
			path = "trivia-app";
			sourceTree = "<group>";
		};
		19BC2AA323CC011000B19375 /* Sounds */ = {
			isa = PBXGroup;
			children = (
				19BC2AA923CC037C00B19375 /* tap.mp3 */,
			);
			path = Sounds;
			sourceTree = "<group>";
		};
		19BC2AA623CC01A300B19375 /* Frameworks */ = {
			isa = PBXGroup;
			children = (
				19BC2AA723CC01A300B19375 /* AVFoundation.framework */,
			);
			name = Frameworks;
			sourceTree = "<group>";
		};
/* End PBXGroup section */

/* Begin PBXNativeTarget section */
		1935977A23C80D40003A8CD8 /* trivia-app */ = {
			isa = PBXNativeTarget;
			buildConfigurationList = 1935978F23C80D43003A8CD8 /* Build configuration list for PBXNativeTarget "trivia-app" */;
			buildPhases = (
				1935977723C80D40003A8CD8 /* Sources */,
				1935977823C80D40003A8CD8 /* Frameworks */,
				1935977923C80D40003A8CD8 /* Resources */,
			);
			buildRules = (
			);
			dependencies = (
			);
			name = "trivia-app";
			productName = "trivia-app";
			productReference = 1935977B23C80D40003A8CD8 /* trivia-app.app */;
			productType = "com.apple.product-type.application";
		};
/* End PBXNativeTarget section */

/* Begin PBXProject section */
		1935977323C80D40003A8CD8 /* Project object */ = {
			isa = PBXProject;
			attributes = {
				LastSwiftUpdateCheck = 1130;
				LastUpgradeCheck = 1130;
				ORGANIZATIONNAME = "Rafael Villarreal";
				TargetAttributes = {
					1935977A23C80D40003A8CD8 = {
						CreatedOnToolsVersion = 11.3;
					};
				};
			};
			buildConfigurationList = 1935977623C80D40003A8CD8 /* Build configuration list for PBXProject "trivia-app" */;
			compatibilityVersion = "Xcode 9.3";
			developmentRegion = en;
			hasScannedForEncodings = 0;
			knownRegions = (
				en,
				Base,
			);
			mainGroup = 1935977223C80D40003A8CD8;
			productRefGroup = 1935977C23C80D40003A8CD8 /* Products */;
			projectDirPath = "";
			projectRoot = "";
			targets = (
				1935977A23C80D40003A8CD8 /* trivia-app */,
			);
		};
/* End PBXProject section */

/* Begin PBXResourcesBuildPhase section */
		1935977923C80D40003A8CD8 /* Resources */ = {
			isa = PBXResourcesBuildPhase;
			buildActionMask = 2147483647;
			files = (
				190145E923CACAC400CB97F5 /* Comfortaa-Light.ttf in Resources */,
				1935978B23C80D43003A8CD8 /* LaunchScreen.storyboard in Resources */,
				190145EA23CACAC400CB97F5 /* Comfortaa-SemiBold.ttf in Resources */,
				190145D223CA3D1100CB97F5 /* Colors.xcassets in Resources */,
				1935978823C80D43003A8CD8 /* Assets.xcassets in Resources */,
				190145E623CACAC400CB97F5 /* Comfortaa-Regular.ttf in Resources */,
				19BC2AAA23CC037C00B19375 /* tap.mp3 in Resources */,
				19BC2AA223CBBACD00B19375 /* Main.storyboard in Resources */,
				190145E723CACAC400CB97F5 /* Comfortaa-Medium.ttf in Resources */,
				190145E823CACAC400CB97F5 /* Comfortaa-Bold.ttf in Resources */,
			);
			runOnlyForDeploymentPostprocessing = 0;
		};
/* End PBXResourcesBuildPhase section */

/* Begin PBXSourcesBuildPhase section */
		1935977723C80D40003A8CD8 /* Sources */ = {
			isa = PBXSourcesBuildPhase;
			buildActionMask = 2147483647;
			files = (
				190145ED23CAD4F700CB97F5 /* CustomButton.swift in Sources */,
				1935978323C80D40003A8CD8 /* ViewController.swift in Sources */,
				1935977F23C80D40003A8CD8 /* AppDelegate.swift in Sources */,
				1935978123C80D40003A8CD8 /* SceneDelegate.swift in Sources */,
			);
			runOnlyForDeploymentPostprocessing = 0;
		};
/* End PBXSourcesBuildPhase section */

/* Begin PBXVariantGroup section */
		1935978923C80D43003A8CD8 /* LaunchScreen.storyboard */ = {
			isa = PBXVariantGroup;
			children = (
				1935978A23C80D43003A8CD8 /* Base */,
			);
			name = LaunchScreen.storyboard;
			sourceTree = "<group>";
		};
/* End PBXVariantGroup section */

/* Begin XCBuildConfiguration section */
		1935978D23C80D43003A8CD8 /* Debug */ = {
			isa = XCBuildConfiguration;
			buildSettings = {
				ALWAYS_SEARCH_USER_PATHS = NO;
				CLANG_ANALYZER_NONNULL = YES;
				CLANG_ANALYZER_NUMBER_OBJECT_CONVERSION = YES_AGGRESSIVE;
				CLANG_CXX_LANGUAGE_STANDARD = "gnu++14";
				CLANG_CXX_LIBRARY = "libc++";
				CLANG_ENABLE_MODULES = YES;
				CLANG_ENABLE_OBJC_ARC = YES;
				CLANG_ENABLE_OBJC_WEAK = YES;
				CLANG_WARN_BLOCK_CAPTURE_AUTORELEASING = YES;
				CLANG_WARN_BOOL_CONVERSION = YES;
				CLANG_WARN_COMMA = YES;
				CLANG_WARN_CONSTANT_CONVERSION = YES;
				CLANG_WARN_DEPRECATED_OBJC_IMPLEMENTATIONS = YES;
				CLANG_WARN_DIRECT_OBJC_ISA_USAGE = YES_ERROR;
				CLANG_WARN_DOCUMENTATION_COMMENTS = YES;
				CLANG_WARN_EMPTY_BODY = YES;
				CLANG_WARN_ENUM_CONVERSION = YES;
				CLANG_WARN_INFINITE_RECURSION = YES;
				CLANG_WARN_INT_CONVERSION = YES;
				CLANG_WARN_NON_LITERAL_NULL_CONVERSION = YES;
				CLANG_WARN_OBJC_IMPLICIT_RETAIN_SELF = YES;
				CLANG_WARN_OBJC_LITERAL_CONVERSION = YES;
				CLANG_WARN_OBJC_ROOT_CLASS = YES_ERROR;
				CLANG_WARN_RANGE_LOOP_ANALYSIS = YES;
				CLANG_WARN_STRICT_PROTOTYPES = YES;
				CLANG_WARN_SUSPICIOUS_MOVE = YES;
				CLANG_WARN_UNGUARDED_AVAILABILITY = YES_AGGRESSIVE;
				CLANG_WARN_UNREACHABLE_CODE = YES;
				CLANG_WARN__DUPLICATE_METHOD_MATCH = YES;
				COPY_PHASE_STRIP = NO;
				DEBUG_INFORMATION_FORMAT = dwarf;
				ENABLE_STRICT_OBJC_MSGSEND = YES;
				ENABLE_TESTABILITY = YES;
				GCC_C_LANGUAGE_STANDARD = gnu11;
				GCC_DYNAMIC_NO_PIC = NO;
				GCC_NO_COMMON_BLOCKS = YES;
				GCC_OPTIMIZATION_LEVEL = 0;
				GCC_PREPROCESSOR_DEFINITIONS = (
					"DEBUG=1",
					"$(inherited)",
				);
				GCC_WARN_64_TO_32_BIT_CONVERSION = YES;
				GCC_WARN_ABOUT_RETURN_TYPE = YES_ERROR;
				GCC_WARN_UNDECLARED_SELECTOR = YES;
				GCC_WARN_UNINITIALIZED_AUTOS = YES_AGGRESSIVE;
				GCC_WARN_UNUSED_FUNCTION = YES;
				GCC_WARN_UNUSED_VARIABLE = YES;
				IPHONEOS_DEPLOYMENT_TARGET = 13.2;
				MTL_ENABLE_DEBUG_INFO = INCLUDE_SOURCE;
				MTL_FAST_MATH = YES;
				ONLY_ACTIVE_ARCH = YES;
				SDKROOT = iphoneos;
				SWIFT_ACTIVE_COMPILATION_CONDITIONS = DEBUG;
				SWIFT_OPTIMIZATION_LEVEL = "-Onone";
			};
			name = Debug;
		};
		1935978E23C80D43003A8CD8 /* Release */ = {
			isa = XCBuildConfiguration;
			buildSettings = {
				ALWAYS_SEARCH_USER_PATHS = NO;
				CLANG_ANALYZER_NONNULL = YES;
				CLANG_ANALYZER_NUMBER_OBJECT_CONVERSION = YES_AGGRESSIVE;
				CLANG_CXX_LANGUAGE_STANDARD = "gnu++14";
				CLANG_CXX_LIBRARY = "libc++";
				CLANG_ENABLE_MODULES = YES;
				CLANG_ENABLE_OBJC_ARC = YES;
				CLANG_ENABLE_OBJC_WEAK = YES;
				CLANG_WARN_BLOCK_CAPTURE_AUTORELEASING = YES;
				CLANG_WARN_BOOL_CONVERSION = YES;
				CLANG_WARN_COMMA = YES;
				CLANG_WARN_CONSTANT_CONVERSION = YES;
				CLANG_WARN_DEPRECATED_OBJC_IMPLEMENTATIONS = YES;
				CLANG_WARN_DIRECT_OBJC_ISA_USAGE = YES_ERROR;
				CLANG_WARN_DOCUMENTATION_COMMENTS = YES;
				CLANG_WARN_EMPTY_BODY = YES;
				CLANG_WARN_ENUM_CONVERSION = YES;
				CLANG_WARN_INFINITE_RECURSION = YES;
				CLANG_WARN_INT_CONVERSION = YES;
				CLANG_WARN_NON_LITERAL_NULL_CONVERSION = YES;
				CLANG_WARN_OBJC_IMPLICIT_RETAIN_SELF = YES;
				CLANG_WARN_OBJC_LITERAL_CONVERSION = YES;
				CLANG_WARN_OBJC_ROOT_CLASS = YES_ERROR;
				CLANG_WARN_RANGE_LOOP_ANALYSIS = YES;
				CLANG_WARN_STRICT_PROTOTYPES = YES;
				CLANG_WARN_SUSPICIOUS_MOVE = YES;
				CLANG_WARN_UNGUARDED_AVAILABILITY = YES_AGGRESSIVE;
				CLANG_WARN_UNREACHABLE_CODE = YES;
				CLANG_WARN__DUPLICATE_METHOD_MATCH = YES;
				COPY_PHASE_STRIP = NO;
				DEBUG_INFORMATION_FORMAT = "dwarf-with-dsym";
				ENABLE_NS_ASSERTIONS = NO;
				ENABLE_STRICT_OBJC_MSGSEND = YES;
				GCC_C_LANGUAGE_STANDARD = gnu11;
				GCC_NO_COMMON_BLOCKS = YES;
				GCC_WARN_64_TO_32_BIT_CONVERSION = YES;
				GCC_WARN_ABOUT_RETURN_TYPE = YES_ERROR;
				GCC_WARN_UNDECLARED_SELECTOR = YES;
				GCC_WARN_UNINITIALIZED_AUTOS = YES_AGGRESSIVE;
				GCC_WARN_UNUSED_FUNCTION = YES;
				GCC_WARN_UNUSED_VARIABLE = YES;
				IPHONEOS_DEPLOYMENT_TARGET = 13.2;
				MTL_ENABLE_DEBUG_INFO = NO;
				MTL_FAST_MATH = YES;
				SDKROOT = iphoneos;
				SWIFT_COMPILATION_MODE = wholemodule;
				SWIFT_OPTIMIZATION_LEVEL = "-O";
				VALIDATE_PRODUCT = YES;
			};
			name = Release;
		};
		1935979023C80D43003A8CD8 /* Debug */ = {
			isa = XCBuildConfiguration;
			buildSettings = {
				ASSETCATALOG_COMPILER_APPICON_NAME = AppIcon;
				CODE_SIGN_STYLE = Automatic;
				INFOPLIST_FILE = "trivia-app/Info.plist";
				LD_RUNPATH_SEARCH_PATHS = (
					"$(inherited)",
					"@executable_path/Frameworks",
				);
				PRODUCT_BUNDLE_IDENTIFIER = "com.iosmentorship.trivia-app";
				PRODUCT_NAME = "$(TARGET_NAME)";
				SWIFT_VERSION = 5.0;
				TARGETED_DEVICE_FAMILY = "1,2";
			};
			name = Debug;
		};
		1935979123C80D43003A8CD8 /* Release */ = {
			isa = XCBuildConfiguration;
			buildSettings = {
				ASSETCATALOG_COMPILER_APPICON_NAME = AppIcon;
				CODE_SIGN_STYLE = Automatic;
				INFOPLIST_FILE = "trivia-app/Info.plist";
				LD_RUNPATH_SEARCH_PATHS = (
					"$(inherited)",
					"@executable_path/Frameworks",
				);
				PRODUCT_BUNDLE_IDENTIFIER = "com.iosmentorship.trivia-app";
				PRODUCT_NAME = "$(TARGET_NAME)";
				SWIFT_VERSION = 5.0;
				TARGETED_DEVICE_FAMILY = "1,2";
			};
			name = Release;
		};
/* End XCBuildConfiguration section */

/* Begin XCConfigurationList section */
		1935977623C80D40003A8CD8 /* Build configuration list for PBXProject "trivia-app" */ = {
			isa = XCConfigurationList;
			buildConfigurations = (
				1935978D23C80D43003A8CD8 /* Debug */,
				1935978E23C80D43003A8CD8 /* Release */,
			);
			defaultConfigurationIsVisible = 0;
			defaultConfigurationName = Release;
		};
		1935978F23C80D43003A8CD8 /* Build configuration list for PBXNativeTarget "trivia-app" */ = {
			isa = XCConfigurationList;
			buildConfigurations = (
				1935979023C80D43003A8CD8 /* Debug */,
				1935979123C80D43003A8CD8 /* Release */,
			);
			defaultConfigurationIsVisible = 0;
			defaultConfigurationName = Release;
		};
/* End XCConfigurationList section */
	};
	rootObject = 1935977323C80D40003A8CD8 /* Project object */;
}
